
Microsoft Visual Studio Solution File, Format Version 12.00
# Visual Studio Version 17
VisualStudioVersion = 17.14.36623.8
MinimumVisualStudioVersion = 10.0.40219.1
Project("{2150E333-8FDC-42A3-9474-1A3956D46DE8}") = "src", "src", "{02EA681E-C7D8-13C7-8484-4AC65E1B71E8}"
EndProject
Project("{2150E333-8FDC-42A3-9474-1A3956D46DE8}") = "test", "test", "{00B1835D-4A11-454D-B8C3-7499F19BBAB1}"
EndProject
Project("{2150E333-8FDC-42A3-9474-1A3956D46DE8}") = "web", "web", "{EEAB32AB-2EC2-429D-8322-3B9ECB4EBB63}"
EndProject
Project("{2150E333-8FDC-42A3-9474-1A3956D46DE8}") = "Application", "Application", "{869D4347-183A-4DA1-82B0-54D47378F89B}"
EndProject
Project("{2150E333-8FDC-42A3-9474-1A3956D46DE8}") = "Infrastructure", "Infrastructure", "{1B50272B-3DC5-4288-B507-1844DC22A7F0}"
EndProject
Project("{2150E333-8FDC-42A3-9474-1A3956D46DE8}") = "API", "API", "{961DB64A-749D-414F-A202-E496071F2928}"
EndProject
Project("{FAE04EC0-301F-11D3-BF4B-00C04F79EFBC}") = "ProjetoTeste.Domain", "Teste.Domain\ProjetoTeste.Domain.csproj", "{9E8CAC9C-139E-40B3-A654-AE9D41543048}"
EndProject
Project("{FAE04EC0-301F-11D3-BF4B-00C04F79EFBC}") = "ProjetoTeste.Application", "ProjetoTeste.Application\ProjetoTeste.Application.csproj", "{D3A118AB-3348-4329-ADD2-DACBF4E828EC}"
EndProject
Project("{FAE04EC0-301F-11D3-BF4B-00C04F79EFBC}") = "ProjetoTeste.Persistence", "ProjetoTeste.Persistence\ProjetoTeste.Persistence.csproj", "{6823021F-11D2-4CD8-926F-C0CCAF6DC779}"
EndProject
Project("{FAE04EC0-301F-11D3-BF4B-00C04F79EFBC}") = "ProjetoTeste.Infrastructure", "ProjetoTeste.Infrastructure\ProjetoTeste.Infrastructure.csproj", "{129F866B-6D5E-4294-8C90-8A26CB5AA09F}"
EndProject
Project("{FAE04EC0-301F-11D3-BF4B-00C04F79EFBC}") = "ProjetoTeste.Api", "ProjetoTeste.Api\ProjetoTeste.Api.csproj", "{EB841D34-8E8C-4845-A445-6709DE9ABEC3}"
EndProject
Project("{FAE04EC0-301F-11D3-BF4B-00C04F79EFBC}") = "ProjetoTeste.Identify", "ProjetoTeste.Identify\ProjetoTeste.Identify.csproj", "{48DF0966-6BD1-4A9F-9744-3E3505F4C21C}"
EndProject
Global
	GlobalSection(SolutionConfigurationPlatforms) = preSolution
		Debug|Any CPU = Debug|Any CPU
		Release|Any CPU = Release|Any CPU
	EndGlobalSection
	GlobalSection(ProjectConfigurationPlatforms) = postSolution
		{9E8CAC9C-139E-40B3-A654-AE9D41543048}.Debug|Any CPU.ActiveCfg = Debug|Any CPU
		{9E8CAC9C-139E-40B3-A654-AE9D41543048}.Debug|Any CPU.Build.0 = Debug|Any CPU
		{9E8CAC9C-139E-40B3-A654-AE9D41543048}.Release|Any CPU.ActiveCfg = Release|Any CPU
		{9E8CAC9C-139E-40B3-A654-AE9D41543048}.Release|Any CPU.Build.0 = Release|Any CPU
		{D3A118AB-3348-4329-ADD2-DACBF4E828EC}.Debug|Any CPU.ActiveCfg = Debug|Any CPU
		{D3A118AB-3348-4329-ADD2-DACBF4E828EC}.Debug|Any CPU.Build.0 = Debug|Any CPU
		{D3A118AB-3348-4329-ADD2-DACBF4E828EC}.Release|Any CPU.ActiveCfg = Release|Any CPU
		{D3A118AB-3348-4329-ADD2-DACBF4E828EC}.Release|Any CPU.Build.0 = Release|Any CPU
		{6823021F-11D2-4CD8-926F-C0CCAF6DC779}.Debug|Any CPU.ActiveCfg = Debug|Any CPU
		{6823021F-11D2-4CD8-926F-C0CCAF6DC779}.Debug|Any CPU.Build.0 = Debug|Any CPU
		{6823021F-11D2-4CD8-926F-C0CCAF6DC779}.Release|Any CPU.ActiveCfg = Release|Any CPU
		{6823021F-11D2-4CD8-926F-C0CCAF6DC779}.Release|Any CPU.Build.0 = Release|Any CPU
		{129F866B-6D5E-4294-8C90-8A26CB5AA09F}.Debug|Any CPU.ActiveCfg = Debug|Any CPU
		{129F866B-6D5E-4294-8C90-8A26CB5AA09F}.Debug|Any CPU.Build.0 = Debug|Any CPU
		{129F866B-6D5E-4294-8C90-8A26CB5AA09F}.Release|Any CPU.ActiveCfg = Release|Any CPU
		{129F866B-6D5E-4294-8C90-8A26CB5AA09F}.Release|Any CPU.Build.0 = Release|Any CPU
		{EB841D34-8E8C-4845-A445-6709DE9ABEC3}.Debug|Any CPU.ActiveCfg = Debug|Any CPU
		{EB841D34-8E8C-4845-A445-6709DE9ABEC3}.Debug|Any CPU.Build.0 = Debug|Any CPU
		{EB841D34-8E8C-4845-A445-6709DE9ABEC3}.Release|Any CPU.ActiveCfg = Release|Any CPU
		{EB841D34-8E8C-4845-A445-6709DE9ABEC3}.Release|Any CPU.Build.0 = Release|Any CPU
		{48DF0966-6BD1-4A9F-9744-3E3505F4C21C}.Debug|Any CPU.ActiveCfg = Debug|Any CPU
		{48DF0966-6BD1-4A9F-9744-3E3505F4C21C}.Debug|Any CPU.Build.0 = Debug|Any CPU
		{48DF0966-6BD1-4A9F-9744-3E3505F4C21C}.Release|Any CPU.ActiveCfg = Release|Any CPU
		{48DF0966-6BD1-4A9F-9744-3E3505F4C21C}.Release|Any CPU.Build.0 = Release|Any CPU
	EndGlobalSection
	GlobalSection(SolutionProperties) = preSolution
		HideSolutionNode = FALSE
	EndGlobalSection
	GlobalSection(NestedProjects) = preSolution
		{EEAB32AB-2EC2-429D-8322-3B9ECB4EBB63} = {02EA681E-C7D8-13C7-8484-4AC65E1B71E8}
		{869D4347-183A-4DA1-82B0-54D47378F89B} = {02EA681E-C7D8-13C7-8484-4AC65E1B71E8}
		{1B50272B-3DC5-4288-B507-1844DC22A7F0} = {02EA681E-C7D8-13C7-8484-4AC65E1B71E8}
		{961DB64A-749D-414F-A202-E496071F2928} = {02EA681E-C7D8-13C7-8484-4AC65E1B71E8}
		{9E8CAC9C-139E-40B3-A654-AE9D41543048} = {869D4347-183A-4DA1-82B0-54D47378F89B}
		{D3A118AB-3348-4329-ADD2-DACBF4E828EC} = {869D4347-183A-4DA1-82B0-54D47378F89B}
		{6823021F-11D2-4CD8-926F-C0CCAF6DC779} = {1B50272B-3DC5-4288-B507-1844DC22A7F0}
		{129F866B-6D5E-4294-8C90-8A26CB5AA09F} = {1B50272B-3DC5-4288-B507-1844DC22A7F0}
		{EB841D34-8E8C-4845-A445-6709DE9ABEC3} = {961DB64A-749D-414F-A202-E496071F2928}
		{48DF0966-6BD1-4A9F-9744-3E3505F4C21C} = {1B50272B-3DC5-4288-B507-1844DC22A7F0}
	EndGlobalSection
	GlobalSection(ExtensibilityGlobals) = postSolution
		SolutionGuid = {4B1C3C75-8A1F-496A-8925-9EE1D47FCA03}
	EndGlobalSection
EndGlobal
